{
  "name": "@nlpjs/nlp",
  "version": "4.25.0",
  "lockfileVersion": 1,
  "requires": true,
  "dependencies": {
    "@nlpjs/core": {
      "version": "4.25.0",
      "resolved": "https://registry.npmjs.org/@nlpjs/core/-/core-4.25.0.tgz",
      "integrity": "sha512-lqsaXz4QfEVVoj2XFZV5xzyVcpQIgv8n4RCv6oqL9FL06mxhMgB4Xqv0W+kaUxClDlNiVxGD02jYGQfvlcks5g=="
    },
    "@nlpjs/language-min": {
      "version": "4.25.0",
      "resolved": "https://registry.npmjs.org/@nlpjs/language-min/-/language-min-4.25.0.tgz",
      "integrity": "sha512-g8jtbDbqtRm+dlD/1Vnb4VWfKbKteApEGVTqIMxYkk6N/HMhvLZ5J2svrxzrB98a/HZ0fb//YBfFgymnz9Oukg=="
    },
    "@nlpjs/ner": {
      "version": "4.25.0",
      "resolved": "https://registry.npmjs.org/@nlpjs/ner/-/ner-4.25.0.tgz",
      "integrity": "sha512-0ek823i/qsEKUPwBqBI7A8N3O9qWsudipSW1NPObZSBGE7Znvx+69WrOY3k0PRsGyXRPgstTzhqe7FNZvsMiTA==",
      "requires": {
        "@nlpjs/core": "^4.25.0",
        "@nlpjs/language-min": "^4.25.0",
        "@nlpjs/similarity": "^4.22.7"
      }
    },
    "@nlpjs/neural": {
      "version": "4.25.0",
      "resolved": "https://registry.npmjs.org/@nlpjs/neural/-/neural-4.25.0.tgz",
      "integrity": "sha512-Oz20denGiBe0DlQsS7lN4TNrATN1nXlHKc/HB6jJPegjVmgJVCugDaHwIGoV7qOWyA6F2fRRwOgD+quNT2gVpg=="
    },
    "@nlpjs/nlg": {
      "version": "4.25.0",
      "resolved": "https://registry.npmjs.org/@nlpjs/nlg/-/nlg-4.25.0.tgz",
      "integrity": "sha512-/jz/xM26c2Tzz7reyvXZKGYMtA7/DNhVeEgIw7D1it9NhN3rxmXxAXtEnh2Kzajq01/IIrGxI61oGJ++P90loQ==",
      "requires": {
        "@nlpjs/core": "^4.25.0"
      }
    },
    "@nlpjs/nlu": {
      "version": "4.25.0",
      "resolved": "https://registry.npmjs.org/@nlpjs/nlu/-/nlu-4.25.0.tgz",
      "integrity": "sha512-uzb5df9qgvySFXCkVDQR0yfRsS3K1VqYDHo6Ym+EiIP3X47hEo75zWpbZ+CGqsT7W2LLrZPdv05KtnA/wAVdzQ==",
      "requires": {
        "@nlpjs/core": "^4.25.0",
        "@nlpjs/language-min": "^4.25.0",
        "@nlpjs/neural": "^4.25.0",
        "@nlpjs/similarity": "^4.22.7"
      }
    },
    "@nlpjs/sentiment": {
      "version": "4.25.0",
      "resolved": "https://registry.npmjs.org/@nlpjs/sentiment/-/sentiment-4.25.0.tgz",
      "integrity": "sha512-Gl1cmh8meSVXHpIvPzP5RZpB8ECC1cPHdH9gJgvidcNw1xy+TYNbXtu1jG7Bb6BjHrFLkhQuZEg4+4ItuLiWnw==",
      "requires": {
        "@nlpjs/core": "^4.25.0",
        "@nlpjs/language-min": "^4.25.0",
        "@nlpjs/neural": "^4.25.0"
      }
    },
    "@nlpjs/similarity": {
      "version": "4.22.7",
      "resolved": "https://registry.npmjs.org/@nlpjs/similarity/-/similarity-4.22.7.tgz",
      "integrity": "sha512-iWbZz6Yf0sXIiFi2jtdpsCLkOQsXFxT1YME4GysMtJxKiN/Cu4AhXugEiixhacPIPQb8lfouR0dQtSnx+9kW2A=="
    },
    "@nlpjs/slot": {
      "version": "4.26.0",
      "resolved": "https://registry.npmjs.org/@nlpjs/slot/-/slot-4.26.0.tgz",
      "integrity": "sha512-uJX+s2RbUD66L8Pouh1S4Z6CQfwt7hYye4hHvj6JUe65uUlGwfddFIltoaQoo/HUAiyIauqEjiFIwuCsbc4nBg=="
    }
  }
}
